// !$*UTF8*$!
{
	archiveVersion = 1;
	classes = {
	};
	objectVersion = 46;
	objects = {

/* Begin PBXBuildFile section */
		318EB9781E78C4A900055C9C /* AppDelegate.swift in Sources */ = {isa = PBXBuildFile; fileRef = 318EB9771E78C4A900055C9C /* AppDelegate.swift */; };
		318EB97A1E78C4A900055C9C /* ViewController.swift in Sources */ = {isa = PBXBuildFile; fileRef = 318EB9791E78C4A900055C9C /* ViewController.swift */; };
		318EB97D1E78C4AA00055C9C /* Main.storyboard in Resources */ = {isa = PBXBuildFile; fileRef = 318EB97B1E78C4AA00055C9C /* Main.storyboard */; };
		318EB97F1E78C4AA00055C9C /* Assets.xcassets in Resources */ = {isa = PBXBuildFile; fileRef = 318EB97E1E78C4AA00055C9C /* Assets.xcassets */; };
		318EB9821E78C4AA00055C9C /* LaunchScreen.storyboard in Resources */ = {isa = PBXBuildFile; fileRef = 318EB9801E78C4AA00055C9C /* LaunchScreen.storyboard */; };
		318EB98D1E78C4AA00055C9C /* AdaptiveWeatherTests.swift in Sources */ = {isa = PBXBuildFile; fileRef = 318EB98C1E78C4AA00055C9C /* AdaptiveWeatherTests.swift */; };
		318EB9981E78C4AA00055C9C /* AdaptiveWeatherUITests.swift in Sources */ = {isa = PBXBuildFile; fileRef = 318EB9971E78C4AA00055C9C /* AdaptiveWeatherUITests.swift */; };
/* End PBXBuildFile section */

/* Begin PBXContainerItemProxy section */
		318EB9891E78C4AA00055C9C /* PBXContainerItemProxy */ = {
			isa = PBXContainerItemProxy;
			containerPortal = 318EB96C1E78C4A900055C9C /* Project object */;
			proxyType = 1;
			remoteGlobalIDString = 318EB9731E78C4A900055C9C;
			remoteInfo = AdaptiveWeather;
		};
		318EB9941E78C4AA00055C9C /* PBXContainerItemProxy */ = {
			isa = PBXContainerItemProxy;
			containerPortal = 318EB96C1E78C4A900055C9C /* Project object */;
			proxyType = 1;
			remoteGlobalIDString = 318EB9731E78C4A900055C9C;
			remoteInfo = AdaptiveWeather;
		};
/* End PBXContainerItemProxy section */

/* Begin PBXFileReference section */
		318EB9741E78C4A900055C9C /* AdaptiveWeather.app */ = {isa = PBXFileReference; explicitFileType = wrapper.application; includeInIndex = 0; path = AdaptiveWeather.app; sourceTree = BUILT_PRODUCTS_DIR; };
		318EB9771E78C4A900055C9C /* AppDelegate.swift */ = {isa = PBXFileReference; lastKnownFileType = sourcecode.swift; path = AppDelegate.swift; sourceTree = "<group>"; };
		318EB9791E78C4A900055C9C /* ViewController.swift */ = {isa = PBXFileReference; lastKnownFileType = sourcecode.swift; path = ViewController.swift; sourceTree = "<group>"; };
		318EB97C1E78C4AA00055C9C /* Base */ = {isa = PBXFileReference; lastKnownFileType = file.storyboard; name = Base; path = Base.lproj/Main.storyboard; sourceTree = "<group>"; };
		318EB97E1E78C4AA00055C9C /* Assets.xcassets */ = {isa = PBXFileReference; lastKnownFileType = folder.assetcatalog; path = Assets.xcassets; sourceTree = "<group>"; };
		318EB9811E78C4AA00055C9C /* Base */ = {isa = PBXFileReference; lastKnownFileType = file.storyboard; name = Base; path = Base.lproj/LaunchScreen.storyboard; sourceTree = "<group>"; };
		318EB9831E78C4AA00055C9C /* Info.plist */ = {isa = PBXFileReference; lastKnownFileType = text.plist.xml; path = Info.plist; sourceTree = "<group>"; };
		318EB9881E78C4AA00055C9C /* AdaptiveWeatherTests.xctest */ = {isa = PBXFileReference; explicitFileType = wrapper.cfbundle; includeInIndex = 0; path = AdaptiveWeatherTests.xctest; sourceTree = BUILT_PRODUCTS_DIR; };
		318EB98C1E78C4AA00055C9C /* AdaptiveWeatherTests.swift */ = {isa = PBXFileReference; lastKnownFileType = sourcecode.swift; path = AdaptiveWeatherTests.swift; sourceTree = "<group>"; };
		318EB98E1E78C4AA00055C9C /* Info.plist */ = {isa = PBXFileReference; lastKnownFileType = text.plist.xml; path = Info.plist; sourceTree = "<group>"; };
		318EB9931E78C4AA00055C9C /* AdaptiveWeatherUITests.xctest */ = {isa = PBXFileReference; explicitFileType = wrapper.cfbundle; includeInIndex = 0; path = AdaptiveWeatherUITests.xctest; sourceTree = BUILT_PRODUCTS_DIR; };
		318EB9971E78C4AA00055C9C /* AdaptiveWeatherUITests.swift */ = {isa = PBXFileReference; lastKnownFileType = sourcecode.swift; path = AdaptiveWeatherUITests.swift; sourceTree = "<group>"; };
		318EB9991E78C4AA00055C9C /* Info.plist */ = {isa = PBXFileReference; lastKnownFileType = text.plist.xml; path = Info.plist; sourceTree = "<group>"; };
/* End PBXFileReference section */

/* Begin PBXFrameworksBuildPhase section */
		318EB9711E78C4A900055C9C /* Frameworks */ = {
			isa = PBXFrameworksBuildPhase;
			buildActionMask = 2147483647;
			files = (
			);
			runOnlyForDeploymentPostprocessing = 0;
		};
		318EB9851E78C4AA00055C9C /* Frameworks */ = {
			isa = PBXFrameworksBuildPhase;
			buildActionMask = 2147483647;
			files = (
			);
			runOnlyForDeploymentPostprocessing = 0;
		};
		318EB9901E78C4AA00055C9C /* Frameworks */ = {
			isa = PBXFrameworksBuildPhase;
			buildActionMask = 2147483647;
			files = (
			);
			runOnlyForDeploymentPostprocessing = 0;
		};
/* End PBXFrameworksBuildPhase section */

/* Begin PBXGroup section */
		318EB96B1E78C4A900055C9C = {
			isa = PBXGroup;
			children = (
				318EB9761E78C4A900055C9C /* AdaptiveWeather */,
				318EB98B1E78C4AA00055C9C /* AdaptiveWeatherTests */,
				318EB9961E78C4AA00055C9C /* AdaptiveWeatherUITests */,
				318EB9751E78C4A900055C9C /* Products */,
			);
			sourceTree = "<group>";
		};
		318EB9751E78C4A900055C9C /* Products */ = {
			isa = PBXGroup;
			children = (
				318EB9741E78C4A900055C9C /* AdaptiveWeather.app */,
				318EB9881E78C4AA00055C9C /* AdaptiveWeatherTests.xctest */,
				318EB9931E78C4AA00055C9C /* AdaptiveWeatherUITests.xctest */,
			);
			name = Products;
			sourceTree = "<group>";
		};
		318EB9761E78C4A900055C9C /* AdaptiveWeather */ = {
			isa = PBXGroup;
			children = (
				318EB9771E78C4A900055C9C /* AppDelegate.swift */,
				318EB9791E78C4A900055C9C /* ViewController.swift */,
				318EB97B1E78C4AA00055C9C /* Main.storyboard */,
				318EB97E1E78C4AA00055C9C /* Assets.xcassets */,
				318EB9801E78C4AA00055C9C /* LaunchScreen.storyboard */,
				318EB9831E78C4AA00055C9C /* Info.plist */,
			);
			path = AdaptiveWeather;
			sourceTree = "<group>";
		};
		318EB98B1E78C4AA00055C9C /* AdaptiveWeatherTests */ = {
			isa = PBXGroup;
			children = (
				318EB98C1E78C4AA00055C9C /* AdaptiveWeatherTests.swift */,
				318EB98E1E78C4AA00055C9C /* Info.plist */,
			);
			path = AdaptiveWeatherTests;
			sourceTree = "<group>";
		};
		318EB9961E78C4AA00055C9C /* AdaptiveWeatherUITests */ = {
			isa = PBXGroup;
			children = (
				318EB9971E78C4AA00055C9C /* AdaptiveWeatherUITests.swift */,
				318EB9991E78C4AA00055C9C /* Info.plist */,
			);
			path = AdaptiveWeatherUITests;
			sourceTree = "<group>";
		};
/* End PBXGroup section */

/* Begin PBXNativeTarget section */
		318EB9731E78C4A900055C9C /* AdaptiveWeather */ = {
			isa = PBXNativeTarget;
			buildConfigurationList = 318EB99C1E78C4AA00055C9C /* Build configuration list for PBXNativeTarget "AdaptiveWeather" */;
			buildPhases = (
				318EB9701E78C4A900055C9C /* Sources */,
				318EB9711E78C4A900055C9C /* Frameworks */,
				318EB9721E78C4A900055C9C /* Resources */,
			);
			buildRules = (
			);
			dependencies = (
			);
			name = AdaptiveWeather;
			productName = AdaptiveWeather;
			productReference = 318EB9741E78C4A900055C9C /* AdaptiveWeather.app */;
			productType = "com.apple.product-type.application";
		};
		318EB9871E78C4AA00055C9C /* AdaptiveWeatherTests */ = {
			isa = PBXNativeTarget;
			buildConfigurationList = 318EB99F1E78C4AA00055C9C /* Build configuration list for PBXNativeTarget "AdaptiveWeatherTests" */;
			buildPhases = (
				318EB9841E78C4AA00055C9C /* Sources */,
				318EB9851E78C4AA00055C9C /* Frameworks */,
				318EB9861E78C4AA00055C9C /* Resources */,
			);
			buildRules = (
			);
			dependencies = (
				318EB98A1E78C4AA00055C9C /* PBXTargetDependency */,
			);
			name = AdaptiveWeatherTests;
			productName = AdaptiveWeatherTests;
			productReference = 318EB9881E78C4AA00055C9C /* AdaptiveWeatherTests.xctest */;
			productType = "com.apple.product-type.bundle.unit-test";
		};
		318EB9921E78C4AA00055C9C /* AdaptiveWeatherUITests */ = {
			isa = PBXNativeTarget;
			buildConfigurationList = 318EB9A21E78C4AA00055C9C /* Build configuration list for PBXNativeTarget "AdaptiveWeatherUITests" */;
			buildPhases = (
				318EB98F1E78C4AA00055C9C /* Sources */,
				318EB9901E78C4AA00055C9C /* Frameworks */,
				318EB9911E78C4AA00055C9C /* Resources */,
			);
			buildRules = (
			);
			dependencies = (
				318EB9951E78C4AA00055C9C /* PBXTargetDependency */,
			);
			name = AdaptiveWeatherUITests;
			productName = AdaptiveWeatherUITests;
			productReference = 318EB9931E78C4AA00055C9C /* AdaptiveWeatherUITests.xctest */;
			productType = "com.apple.product-type.bundle.ui-testing";
		};
/* End PBXNativeTarget section */

/* Begin PBXProject section */
		318EB96C1E78C4A900055C9C /* Project object */ = {
			isa = PBXProject;
			attributes = {
				LastSwiftUpdateCheck = 0820;
				LastUpgradeCheck = 0820;
				ORGANIZATIONNAME = Alejos;
				TargetAttributes = {
					318EB9731E78C4A900055C9C = {
						CreatedOnToolsVersion = 8.2.1;
						ProvisioningStyle = Automatic;
					};
					318EB9871E78C4AA00055C9C = {
						CreatedOnToolsVersion = 8.2.1;
						ProvisioningStyle = Automatic;
						TestTargetID = 318EB9731E78C4A900055C9C;
					};
					318EB9921E78C4AA00055C9C = {
						CreatedOnToolsVersion = 8.2.1;
						ProvisioningStyle = Automatic;
						TestTargetID = 318EB9731E78C4A900055C9C;
					};
				};
			};
			buildConfigurationList = 318EB96F1E78C4A900055C9C /* Build configuration list for PBXProject "AdaptiveWeather" */;
			compatibilityVersion = "Xcode 3.2";
			developmentRegion = English;
			hasScannedForEncodings = 0;
			knownRegions = (
				en,
				Base,
			);
			mainGroup = 318EB96B1E78C4A900055C9C;
			productRefGroup = 318EB9751E78C4A900055C9C /* Products */;
			projectDirPath = "";
			projectRoot = "";
			targets = (
				318EB9731E78C4A900055C9C /* AdaptiveWeather */,
				318EB9871E78C4AA00055C9C /* AdaptiveWeatherTests */,
				318EB9921E78C4AA00055C9C /* AdaptiveWeatherUITests */,
			);
		};
/* End PBXProject section */

/* Begin PBXResourcesBuildPhase section */
		318EB9721E78C4A900055C9C /* Resources */ = {
			isa = PBXResourcesBuildPhase;
			buildActionMask = 2147483647;
			files = (
				318EB9821E78C4AA00055C9C /* LaunchScreen.storyboard in Resources */,
				318EB97F1E78C4AA00055C9C /* Assets.xcassets in Resources */,
				318EB97D1E78C4AA00055C9C /* Main.storyboard in Resources */,
			);
			runOnlyForDeploymentPostprocessing = 0;
		};
		318EB9861E78C4AA00055C9C /* Resources */ = {
			isa = PBXResourcesBuildPhase;
			buildActionMask = 2147483647;
			files = (
			);
			runOnlyForDeploymentPostprocessing = 0;
		};
		318EB9911E78C4AA00055C9C /* Resources */ = {
			isa = PBXResourcesBuildPhase;
			buildActionMask = 2147483647;
			files = (
			);
			runOnlyForDeploymentPostprocessing = 0;
		};
/* End PBXResourcesBuildPhase section */

/* Begin PBXSourcesBuildPhase section */
		318EB9701E78C4A900055C9C /* Sources */ = {
			isa = PBXSourcesBuildPhase;
			buildActionMask = 2147483647;
			files = (
				318EB97A1E78C4A900055C9C /* ViewController.swift in Sources */,
				318EB9781E78C4A900055C9C /* AppDelegate.swift in Sources */,
			);
			runOnlyForDeploymentPostprocessing = 0;
		};
		318EB9841E78C4AA00055C9C /* Sources */ = {
			isa = PBXSourcesBuildPhase;
			buildActionMask = 2147483647;
			files = (
				318EB98D1E78C4AA00055C9C /* AdaptiveWeatherTests.swift in Sources */,
			);
			runOnlyForDeploymentPostprocessing = 0;
		};
		318EB98F1E78C4AA00055C9C /* Sources */ = {
			isa = PBXSourcesBuildPhase;
			buildActionMask = 2147483647;
			files = (
				318EB9981E78C4AA00055C9C /* AdaptiveWeatherUITests.swift in Sources */,
			);
			runOnlyForDeploymentPostprocessing = 0;
		};
/* End PBXSourcesBuildPhase section */

/* Begin PBXTargetDependency section */
		318EB98A1E78C4AA00055C9C /* PBXTargetDependency */ = {
			isa = PBXTargetDependency;
			target = 318EB9731E78C4A900055C9C /* AdaptiveWeather */;
			targetProxy = 318EB9891E78C4AA00055C9C /* PBXContainerItemProxy */;
		};
		318EB9951E78C4AA00055C9C /* PBXTargetDependency */ = {
			isa = PBXTargetDependency;
			target = 318EB9731E78C4A900055C9C /* AdaptiveWeather */;
			targetProxy = 318EB9941E78C4AA00055C9C /* PBXContainerItemProxy */;
		};
/* End PBXTargetDependency section */

/* Begin PBXVariantGroup section */
		318EB97B1E78C4AA00055C9C /* Main.storyboard */ = {
			isa = PBXVariantGroup;
			children = (
				318EB97C1E78C4AA00055C9C /* Base */,
			);
			name = Main.storyboard;
			sourceTree = "<group>";
		};
		318EB9801E78C4AA00055C9C /* LaunchScreen.storyboard */ = {
			isa = PBXVariantGroup;
			children = (
				318EB9811E78C4AA00055C9C /* Base */,
			);
			name = LaunchScreen.storyboard;
			sourceTree = "<group>";
		};
/* End PBXVariantGroup section */

/* Begin XCBuildConfiguration section */
		318EB99A1E78C4AA00055C9C /* Debug */ = {
			isa = XCBuildConfiguration;
			buildSettings = {
				ALWAYS_SEARCH_USER_PATHS = NO;
				CLANG_ANALYZER_NONNULL = YES;
				CLANG_CXX_LANGUAGE_STANDARD = "gnu++0x";
				CLANG_CXX_LIBRARY = "libc++";
				CLANG_ENABLE_MODULES = YES;
				CLANG_ENABLE_OBJC_ARC = YES;
				CLANG_WARN_BOOL_CONVERSION = YES;
				CLANG_WARN_CONSTANT_CONVERSION = YES;
				CLANG_WARN_DIRECT_OBJC_ISA_USAGE = YES_ERROR;
				CLANG_WARN_DOCUMENTATION_COMMENTS = YES;
				CLANG_WARN_EMPTY_BODY = YES;
				CLANG_WARN_ENUM_CONVERSION = YES;
				CLANG_WARN_INFINITE_RECURSION = YES;
				CLANG_WARN_INT_CONVERSION = YES;
				CLANG_WARN_OBJC_ROOT_CLASS = YES_ERROR;
				CLANG_WARN_SUSPICIOUS_MOVE = YES;
				CLANG_WARN_UNREACHABLE_CODE = YES;
				CLANG_WARN__DUPLICATE_METHOD_MATCH = YES;
				"CODE_SIGN_IDENTITY[sdk=iphoneos*]" = "iPhone Developer";
				COPY_PHASE_STRIP = NO;
				DEBUG_INFORMATION_FORMAT = dwarf;
				ENABLE_STRICT_OBJC_MSGSEND = YES;
				ENABLE_TESTABILITY = YES;
				GCC_C_LANGUAGE_STANDARD = gnu99;
				GCC_DYNAMIC_NO_PIC = NO;
				GCC_NO_COMMON_BLOCKS = YES;
				GCC_OPTIMIZATION_LEVEL = 0;
				GCC_PREPROCESSOR_DEFINITIONS = (
					"DEBUG=1",
					"$(inherited)",
				);
				GCC_WARN_64_TO_32_BIT_CONVERSION = YES;
				GCC_WARN_ABOUT_RETURN_TYPE = YES_ERROR;
				GCC_WARN_UNDECLARED_SELECTOR = YES;
				GCC_WARN_UNINITIALIZED_AUTOS = YES_AGGRESSIVE;
				GCC_WARN_UNUSED_FUNCTION = YES;
				GCC_WARN_UNUSED_VARIABLE = YES;
				IPHONEOS_DEPLOYMENT_TARGET = 10.2;
				MTL_ENABLE_DEBUG_INFO = YES;
				ONLY_ACTIVE_ARCH = YES;
				SDKROOT = iphoneos;
				SWIFT_ACTIVE_COMPILATION_CONDITIONS = DEBUG;
				SWIFT_OPTIMIZATION_LEVEL = "-Onone";
				TARGETED_DEVICE_FAMILY = "1,2";
			};
			name = Debug;
		};
		318EB99B1E78C4AA00055C9C /* Release */ = {
			isa = XCBuildConfiguration;
			buildSettings = {
				ALWAYS_SEARCH_USER_PATHS = NO;
				CLANG_ANALYZER_NONNULL = YES;
				CLANG_CXX_LANGUAGE_STANDARD = "gnu++0x";
				CLANG_CXX_LIBRARY = "libc++";
				CLANG_ENABLE_MODULES = YES;
				CLANG_ENABLE_OBJC_ARC = YES;
				CLANG_WARN_BOOL_CONVERSION = YES;
				CLANG_WARN_CONSTANT_CONVERSION = YES;
				CLANG_WARN_DIRECT_OBJC_ISA_USAGE = YES_ERROR;
				CLANG_WARN_DOCUMENTATION_COMMENTS = YES;
				CLANG_WARN_EMPTY_BODY = YES;
				CLANG_WARN_ENUM_CONVERSION = YES;
				CLANG_WARN_INFINITE_RECURSION = YES;
				CLANG_WARN_INT_CONVERSION = YES;
				CLANG_WARN_OBJC_ROOT_CLASS = YES_ERROR;
				CLANG_WARN_SUSPICIOUS_MOVE = YES;
				CLANG_WARN_UNREACHABLE_CODE = YES;
				CLANG_WARN__DUPLICATE_METHOD_MATCH = YES;
				"CODE_SIGN_IDENTITY[sdk=iphoneos*]" = "iPhone Developer";
				COPY_PHASE_STRIP = NO;
				DEBUG_INFORMATION_FORMAT = "dwarf-with-dsym";
				ENABLE_NS_ASSERTIONS = NO;
				ENABLE_STRICT_OBJC_MSGSEND = YES;
				GCC_C_LANGUAGE_STANDARD = gnu99;
				GCC_NO_COMMON_BLOCKS = YES;
				GCC_WARN_64_TO_32_BIT_CONVERSION = YES;
				GCC_WARN_ABOUT_RETURN_TYPE = YES_ERROR;
				GCC_WARN_UNDECLARED_SELECTOR = YES;
				GCC_WARN_UNINITIALIZED_AUTOS = YES_AGGRESSIVE;
				GCC_WARN_UNUSED_FUNCTION = YES;
				GCC_WARN_UNUSED_VARIABLE = YES;
				IPHONEOS_DEPLOYMENT_TARGET = 10.2;
				MTL_ENABLE_DEBUG_INFO = NO;
				SDKROOT = iphoneos;
				SWIFT_OPTIMIZATION_LEVEL = "-Owholemodule";
				TARGETED_DEVICE_FAMILY = "1,2";
				VALIDATE_PRODUCT = YES;
			};
			name = Release;
		};
		318EB99D1E78C4AA00055C9C /* Debug */ = {
			isa = XCBuildConfiguration;
			buildSettings = {
				ASSETCATALOG_COMPILER_APPICON_NAME = AppIcon;
				INFOPLIST_FILE = AdaptiveWeather/Info.plist;
				LD_RUNPATH_SEARCH_PATHS = "$(inherited) @executable_path/Frameworks";
				PRODUCT_BUNDLE_IDENTIFIER = nearsoft.AdaptiveWeather;
				PRODUCT_NAME = "$(TARGET_NAME)";
				SWIFT_VERSION = 3.0;
			};
			name = Debug;
		};
		318EB99E1E78C4AA00055C9C /* Release */ = {
			isa = XCBuildConfiguration;
			buildSettings = {
				ASSETCATALOG_COMPILER_APPICON_NAME = AppIcon;
				INFOPLIST_FILE = AdaptiveWeather/Info.plist;
				LD_RUNPATH_SEARCH_PATHS = "$(inherited) @executable_path/Frameworks";
				PRODUCT_BUNDLE_IDENTIFIER = nearsoft.AdaptiveWeather;
				PRODUCT_NAME = "$(TARGET_NAME)";
				SWIFT_VERSION = 3.0;
			};
			name = Release;
		};
		318EB9A01E78C4AA00055C9C /* Debug */ = {
			isa = XCBuildConfiguration;
			buildSettings = {
				ALWAYS_EMBED_SWIFT_STANDARD_LIBRARIES = YES;
				BUNDLE_LOADER = "$(TEST_HOST)";
				INFOPLIST_FILE = AdaptiveWeatherTests/Info.plist;
				LD_RUNPATH_SEARCH_PATHS = "$(inherited) @executable_path/Frameworks @loader_path/Frameworks";
				PRODUCT_BUNDLE_IDENTIFIER = nearsoft.AdaptiveWeatherTests;
				PRODUCT_NAME = "$(TARGET_NAME)";
				SWIFT_VERSION = 3.0;
				TEST_HOST = "$(BUILT_PRODUCTS_DIR)/AdaptiveWeather.app/AdaptiveWeather";
			};
			name = Debug;
		};
		318EB9A11E78C4AA00055C9C /* Release */ = {
			isa = XCBuildConfiguration;
			buildSettings = {
				ALWAYS_EMBED_SWIFT_STANDARD_LIBRARIES = YES;
				BUNDLE_LOADER = "$(TEST_HOST)";
				INFOPLIST_FILE = AdaptiveWeatherTests/Info.plist;
				LD_RUNPATH_SEARCH_PATHS = "$(inherited) @executable_path/Frameworks @loader_path/Frameworks";
				PRODUCT_BUNDLE_IDENTIFIER = nearsoft.AdaptiveWeatherTests;
				PRODUCT_NAME = "$(TARGET_NAME)";
				SWIFT_VERSION = 3.0;
				TEST_HOST = "$(BUILT_PRODUCTS_DIR)/AdaptiveWeather.app/AdaptiveWeather";
			};
			name = Release;
		};
		318EB9A31E78C4AA00055C9C /* Debug */ = {
			isa = XCBuildConfiguration;
			buildSettings = {
				ALWAYS_EMBED_SWIFT_STANDARD_LIBRARIES = YES;
				INFOPLIST_FILE = AdaptiveWeatherUITests/Info.plist;
				LD_RUNPATH_SEARCH_PATHS = "$(inherited) @executable_path/Frameworks @loader_path/Frameworks";
				PRODUCT_BUNDLE_IDENTIFIER = nearsoft.AdaptiveWeatherUITests;
				PRODUCT_NAME = "$(TARGET_NAME)";
				SWIFT_VERSION = 3.0;
				TEST_TARGET_NAME = AdaptiveWeather;
			};
			name = Debug;
		};
		318EB9A41E78C4AA00055C9C /* Release */ = {
			isa = XCBuildConfiguration;
			buildSettings = {
				ALWAYS_EMBED_SWIFT_STANDARD_LIBRARIES = YES;
				INFOPLIST_FILE = AdaptiveWeatherUITests/Info.plist;
				LD_RUNPATH_SEARCH_PATHS = "$(inherited) @executable_path/Frameworks @loader_path/Frameworks";
				PRODUCT_BUNDLE_IDENTIFIER = nearsoft.AdaptiveWeatherUITests;
				PRODUCT_NAME = "$(TARGET_NAME)";
				SWIFT_VERSION = 3.0;
				TEST_TARGET_NAME = AdaptiveWeather;
			};
			name = Release;
		};
/* End XCBuildConfiguration section */

/* Begin XCConfigurationList section */
		318EB96F1E78C4A900055C9C /* Build configuration list for PBXProject "AdaptiveWeather" */ = {
			isa = XCConfigurationList;
			buildConfigurations = (
				318EB99A1E78C4AA00055C9C /* Debug */,
				318EB99B1E78C4AA00055C9C /* Release */,
			);
			defaultConfigurationIsVisible = 0;
			defaultConfigurationName = Release;
		};
		318EB99C1E78C4AA00055C9C /* Build configuration list for PBXNativeTarget "AdaptiveWeather" */ = {
			isa = XCConfigurationList;
			buildConfigurations = (
				318EB99D1E78C4AA00055C9C /* Debug */,
				318EB99E1E78C4AA00055C9C /* Release */,
			);
			defaultConfigurationIsVisible = 0;
		};
		318EB99F1E78C4AA00055C9C /* Build configuration list for PBXNativeTarget "AdaptiveWeatherTests" */ = {
			isa = XCConfigurationList;
			buildConfigurations = (
				318EB9A01E78C4AA00055C9C /* Debug */,
				318EB9A11E78C4AA00055C9C /* Release */,
			);
			defaultConfigurationIsVisible = 0;
		};
		318EB9A21E78C4AA00055C9C /* Build configuration list for PBXNativeTarget "AdaptiveWeatherUITests" */ = {
			isa = XCConfigurationList;
			buildConfigurations = (
				318EB9A31E78C4AA00055C9C /* Debug */,
				318EB9A41E78C4AA00055C9C /* Release */,
			);
			defaultConfigurationIsVisible = 0;
		};
/* End XCConfigurationList section */
	};
	rootObject = 318EB96C1E78C4A900055C9C /* Project object */;
}
